{
  "nodes": {
    "nixpkgs": {
      "locked": {
        "lastModified": 1640798027,
        "narHash": "sha256-1e7bsxWJW0ugkA95AMGL3Da9sHugkz+J4kfYB9fTWZc=",
        "owner": "NixOS",
        "repo": "nixpkgs",
        "rev": "8588b14a397e045692d0a87192810b6dddf53003",
        "type": "github"
      },
      "original": {
        "id": "nixpkgs",
        "ref": "release-21.11",
        "type": "indirect"
      }
    },
    "root": {
      "inputs": {
        "nixpkgs": "nixpkgs"
      }
    }
  },
  "root": "root",
  "version": 7
}
